// !$*UTF8*$!
{
	archiveVersion = 1;
	classes = {
	};
	objectVersion = 77;
	objects = {

/* Begin PBXBuildFile section */
		8C0100012C00000000000001 /* LiloNativeApp.swift in Sources */ = {isa = PBXBuildFile; fileRef = 8C0200012C00000000000001 /* LiloNativeApp.swift */; };
		8C0100022C00000000000001 /* Models.swift in Sources */ = {isa = PBXBuildFile; fileRef = 8C0200022C00000000000001 /* Models.swift */; };
		8C0100032C00000000000001 /* APIClient.swift in Sources */ = {isa = PBXBuildFile; fileRef = 8C0200032C00000000000001 /* APIClient.swift */; };
		8C0100042C00000000000001 /* ChatSocket.swift in Sources */ = {isa = PBXBuildFile; fileRef = 8C0200042C00000000000001 /* ChatSocket.swift */; };
		8C0100052C00000000000001 /* AppModel.swift in Sources */ = {isa = PBXBuildFile; fileRef = 8C0200052C00000000000001 /* AppModel.swift */; };
		8C0100062C00000000000001 /* RootView.swift in Sources */ = {isa = PBXBuildFile; fileRef = 8C0200062C00000000000001 /* RootView.swift */; };
		8C0100072C00000000000001 /* ChatViews.swift in Sources */ = {isa = PBXBuildFile; fileRef = 8C0200072C00000000000001 /* ChatViews.swift */; };
		8C0100082C00000000000001 /* WorkspaceViews.swift in Sources */ = {isa = PBXBuildFile; fileRef = 8C0200082C00000000000001 /* WorkspaceViews.swift */; };
		8C0100092C00000000000001 /* AutomationViews.swift in Sources */ = {isa = PBXBuildFile; fileRef = 8C0200092C00000000000001 /* AutomationViews.swift */; };
		8C01000A2C00000000000001 /* SettingsViews.swift in Sources */ = {isa = PBXBuildFile; fileRef = 8C02000A2C00000000000001 /* SettingsViews.swift */; };
		8C01000B2C00000000000001 /* WebView.swift in Sources */ = {isa = PBXBuildFile; fileRef = 8C02000B2C00000000000001 /* WebView.swift */; };
		8C01000C2C00000000000001 /* DocumentPicker.swift in Sources */ = {isa = PBXBuildFile; fileRef = 8C02000C2C00000000000001 /* DocumentPicker.swift */; };
/* End PBXBuildFile section */

/* Begin PBXFileReference section */
		8C0200012C00000000000001 /* LiloNativeApp.swift */ = {isa = PBXFileReference; lastKnownFileType = sourcecode.swift; path = LiloNativeApp.swift; sourceTree = "<group>"; };
		8C0200022C00000000000001 /* Models.swift */ = {isa = PBXFileReference; lastKnownFileType = sourcecode.swift; path = Models.swift; sourceTree = "<group>"; };
		8C0200032C00000000000001 /* APIClient.swift */ = {isa = PBXFileReference; lastKnownFileType = sourcecode.swift; path = APIClient.swift; sourceTree = "<group>"; };
		8C0200042C00000000000001 /* ChatSocket.swift */ = {isa = PBXFileReference; lastKnownFileType = sourcecode.swift; path = ChatSocket.swift; sourceTree = "<group>"; };
		8C0200052C00000000000001 /* AppModel.swift */ = {isa = PBXFileReference; lastKnownFileType = sourcecode.swift; path = AppModel.swift; sourceTree = "<group>"; };
		8C0200062C00000000000001 /* RootView.swift */ = {isa = PBXFileReference; lastKnownFileType = sourcecode.swift; path = RootView.swift; sourceTree = "<group>"; };
		8C0200072C00000000000001 /* ChatViews.swift */ = {isa = PBXFileReference; lastKnownFileType = sourcecode.swift; path = ChatViews.swift; sourceTree = "<group>"; };
		8C0200082C00000000000001 /* WorkspaceViews.swift */ = {isa = PBXFileReference; lastKnownFileType = sourcecode.swift; path = WorkspaceViews.swift; sourceTree = "<group>"; };
		8C0200092C00000000000001 /* AutomationViews.swift */ = {isa = PBXFileReference; lastKnownFileType = sourcecode.swift; path = AutomationViews.swift; sourceTree = "<group>"; };
		8C02000A2C00000000000001 /* SettingsViews.swift */ = {isa = PBXFileReference; lastKnownFileType = sourcecode.swift; path = SettingsViews.swift; sourceTree = "<group>"; };
		8C02000B2C00000000000001 /* WebView.swift */ = {isa = PBXFileReference; lastKnownFileType = sourcecode.swift; path = WebView.swift; sourceTree = "<group>"; };
		8C02000C2C00000000000001 /* DocumentPicker.swift */ = {isa = PBXFileReference; lastKnownFileType = sourcecode.swift; path = DocumentPicker.swift; sourceTree = "<group>"; };
		8C02000D2C00000000000001 /* Info.plist */ = {isa = PBXFileReference; lastKnownFileType = text.plist.xml; path = Info.plist; sourceTree = "<group>"; };
		8C0200FF2C00000000000001 /* LiloNative.app */ = {isa = PBXFileReference; explicitFileType = wrapper.application; includeInIndex = 0; path = LiloNative.app; sourceTree = BUILT_PRODUCTS_DIR; };
/* End PBXFileReference section */

/* Begin PBXFrameworksBuildPhase section */
		8C0300012C00000000000001 /* Frameworks */ = {
			isa = PBXFrameworksBuildPhase;
			buildActionMask = 2147483647;
			files = (
			);
			runOnlyForDeploymentPostprocessing = 0;
		};
/* End PBXFrameworksBuildPhase section */

/* Begin PBXGroup section */
		8C0400012C00000000000001 = {
			isa = PBXGroup;
			children = (
				8C0400022C00000000000001 /* LiloNative */,
				8C0400032C00000000000001 /* Products */,
			);
			sourceTree = "<group>";
		};
		8C0400022C00000000000001 /* LiloNative */ = {
			isa = PBXGroup;
			children = (
				8C0200012C00000000000001 /* LiloNativeApp.swift */,
				8C0200022C00000000000001 /* Models.swift */,
				8C0200032C00000000000001 /* APIClient.swift */,
				8C0200042C00000000000001 /* ChatSocket.swift */,
				8C0200052C00000000000001 /* AppModel.swift */,
				8C0200062C00000000000001 /* RootView.swift */,
				8C0200072C00000000000001 /* ChatViews.swift */,
				8C0200082C00000000000001 /* WorkspaceViews.swift */,
				8C0200092C00000000000001 /* AutomationViews.swift */,
				8C02000A2C00000000000001 /* SettingsViews.swift */,
				8C02000B2C00000000000001 /* WebView.swift */,
				8C02000C2C00000000000001 /* DocumentPicker.swift */,
				8C02000D2C00000000000001 /* Info.plist */,
			);
			path = LiloNative;
			sourceTree = "<group>";
		};
		8C0400032C00000000000001 /* Products */ = {
			isa = PBXGroup;
			children = (
				8C0200FF2C00000000000001 /* LiloNative.app */,
			);
			name = Products;
			sourceTree = "<group>";
		};
/* End PBXGroup section */

/* Begin PBXNativeTarget section */
		8C0500012C00000000000001 /* LiloNative */ = {
			isa = PBXNativeTarget;
			buildConfigurationList = 8C0900022C00000000000001 /* Build configuration list for PBXNativeTarget "LiloNative" */;
			buildPhases = (
				8C0600012C00000000000001 /* Sources */,
				8C0300012C00000000000001 /* Frameworks */,
				8C0600022C00000000000001 /* Resources */,
			);
			buildRules = (
			);
			dependencies = (
			);
			name = LiloNative;
			productName = LiloNative;
			productReference = 8C0200FF2C00000000000001 /* LiloNative.app */;
			productType = "com.apple.product-type.application";
		};
/* End PBXNativeTarget section */

/* Begin PBXProject section */
		8C0700012C00000000000001 /* Project object */ = {
			isa = PBXProject;
			attributes = {
				BuildIndependentTargetsInParallel = 1;
				LastSwiftUpdateCheck = 2640;
				LastUpgradeCheck = 2640;
				TargetAttributes = {
					8C0500012C00000000000001 = {
						CreatedOnToolsVersion = 26.4.1;
					};
				};
			};
			buildConfigurationList = 8C0900012C00000000000001 /* Build configuration list for PBXProject "LiloNative" */;
			developmentRegion = en;
			hasScannedForEncodings = 0;
			knownRegions = (
				en,
				Base,
			);
			mainGroup = 8C0400012C00000000000001;
			minimizedProjectReferenceProxies = 1;
			preferredProjectObjectVersion = 77;
			productRefGroup = 8C0400032C00000000000001 /* Products */;
			projectDirPath = "";
			projectRoot = "";
			targets = (
				8C0500012C00000000000001 /* LiloNative */,
			);
		};
/* End PBXProject section */

/* Begin PBXResourcesBuildPhase section */
		8C0600022C00000000000001 /* Resources */ = {
			isa = PBXResourcesBuildPhase;
			buildActionMask = 2147483647;
			files = (
			);
			runOnlyForDeploymentPostprocessing = 0;
		};
/* End PBXResourcesBuildPhase section */

/* Begin PBXSourcesBuildPhase section */
		8C0600012C00000000000001 /* Sources */ = {
			isa = PBXSourcesBuildPhase;
			buildActionMask = 2147483647;
			files = (
				8C0100012C00000000000001 /* LiloNativeApp.swift in Sources */,
				8C0100022C00000000000001 /* Models.swift in Sources */,
				8C0100032C00000000000001 /* APIClient.swift in Sources */,
				8C0100042C00000000000001 /* ChatSocket.swift in Sources */,
				8C0100052C00000000000001 /* AppModel.swift in Sources */,
				8C0100062C00000000000001 /* RootView.swift in Sources */,
				8C0100072C00000000000001 /* ChatViews.swift in Sources */,
				8C0100082C00000000000001 /* WorkspaceViews.swift in Sources */,
				8C0100092C00000000000001 /* AutomationViews.swift in Sources */,
				8C01000A2C00000000000001 /* SettingsViews.swift in Sources */,
				8C01000B2C00000000000001 /* WebView.swift in Sources */,
				8C01000C2C00000000000001 /* DocumentPicker.swift in Sources */,
			);
			runOnlyForDeploymentPostprocessing = 0;
		};
/* End PBXSourcesBuildPhase section */

/* Begin XCBuildConfiguration section */
		8C0800012C00000000000001 /* Debug */ = {
			isa = XCBuildConfiguration;
			buildSettings = {
				ALWAYS_SEARCH_USER_PATHS = NO;
				CLANG_ANALYZER_NONNULL = YES;
				CLANG_ANALYZER_NUMBER_OBJECT_CONVERSION = YES_AGGRESSIVE;
				CLANG_CXX_LANGUAGE_STANDARD = "gnu++20";
				CLANG_ENABLE_MODULES = YES;
				CLANG_ENABLE_OBJC_ARC = YES;
				CLANG_ENABLE_OBJC_WEAK = YES;
				CLANG_WARN_BLOCK_CAPTURE_AUTORELEASING = YES;
				CLANG_WARN_BOOL_CONVERSION = YES;
				CLANG_WARN_COMMA = YES;
				CLANG_WARN_CONSTANT_CONVERSION = YES;
				CLANG_WARN_DEPRECATED_OBJC_IMPLEMENTATIONS = YES;
				CLANG_WARN_DIRECT_OBJC_ISA_USAGE = YES_ERROR;
				CLANG_WARN_DOCUMENTATION_COMMENTS = YES;
				CLANG_WARN_EMPTY_BODY = YES;
				CLANG_WARN_ENUM_CONVERSION = YES;
				CLANG_WARN_INFINITE_RECURSION = YES;
				CLANG_WARN_INT_CONVERSION = YES;
				CLANG_WARN_NON_LITERAL_NULL_CONVERSION = YES;
				CLANG_WARN_OBJC_IMPLICIT_RETAIN_SELF = YES;
				CLANG_WARN_OBJC_LITERAL_CONVERSION = YES;
				CLANG_WARN_OBJC_ROOT_CLASS = YES_ERROR;
				CLANG_WARN_QUOTED_INCLUDE_IN_FRAMEWORK_HEADER = YES;
				CLANG_WARN_RANGE_LOOP_ANALYSIS = YES;
				CLANG_WARN_STRICT_PROTOTYPES = YES;
				CLANG_WARN_SUSPICIOUS_MOVE = YES;
				CLANG_WARN_UNGUARDED_AVAILABILITY = YES_AGGRESSIVE;
				CLANG_WARN_UNREACHABLE_CODE = YES;
				CLANG_WARN__DUPLICATE_METHOD_MATCH = YES;
				COPY_PHASE_STRIP = NO;
				DEBUG_INFORMATION_FORMAT = dwarf;
				ENABLE_STRICT_OBJC_MSGSEND = YES;
				ENABLE_TESTABILITY = YES;
				GCC_C_LANGUAGE_STANDARD = gnu17;
				GCC_DYNAMIC_NO_PIC = NO;
				GCC_NO_COMMON_BLOCKS = YES;
				GCC_OPTIMIZATION_LEVEL = 0;
				GCC_PREPROCESSOR_DEFINITIONS = (
					"DEBUG=1",
					"$(inherited)",
				);
				GCC_WARN_64_TO_32_BIT_CONVERSION = YES;
				GCC_WARN_ABOUT_RETURN_TYPE = YES_ERROR;
				GCC_WARN_UNDECLARED_SELECTOR = YES;
				GCC_WARN_UNINITIALIZED_AUTOS = YES_AGGRESSIVE;
				GCC_WARN_UNUSED_FUNCTION = YES;
				GCC_WARN_UNUSED_VARIABLE = YES;
				IPHONEOS_DEPLOYMENT_TARGET = 17.0;
				MTL_ENABLE_DEBUG_INFO = INCLUDE_SOURCE;
				MTL_FAST_MATH = YES;
				ONLY_ACTIVE_ARCH = YES;
				SDKROOT = iphoneos;
				SWIFT_ACTIVE_COMPILATION_CONDITIONS = DEBUG;
				SWIFT_OPTIMIZATION_LEVEL = "-Onone";
			};
			name = Debug;
		};
		8C0800022C00000000000001 /* Release */ = {
			isa = XCBuildConfiguration;
			buildSettings = {
				ALWAYS_SEARCH_USER_PATHS = NO;
				CLANG_ANALYZER_NONNULL = YES;
				CLANG_ANALYZER_NUMBER_OBJECT_CONVERSION = YES_AGGRESSIVE;
				CLANG_CXX_LANGUAGE_STANDARD = "gnu++20";
				CLANG_ENABLE_MODULES = YES;
				CLANG_ENABLE_OBJC_ARC = YES;
				CLANG_ENABLE_OBJC_WEAK = YES;
				CLANG_WARN_BLOCK_CAPTURE_AUTORELEASING = YES;
				CLANG_WARN_BOOL_CONVERSION = YES;
				CLANG_WARN_COMMA = YES;
				CLANG_WARN_CONSTANT_CONVERSION = YES;
				CLANG_WARN_DEPRECATED_OBJC_IMPLEMENTATIONS = YES;
				CLANG_WARN_DIRECT_OBJC_ISA_USAGE = YES_ERROR;
				CLANG_WARN_DOCUMENTATION_COMMENTS = YES;
				CLANG_WARN_EMPTY_BODY = YES;
				CLANG_WARN_ENUM_CONVERSION = YES;
				CLANG_WARN_INFINITE_RECURSION = YES;
				CLANG_WARN_INT_CONVERSION = YES;
				CLANG_WARN_NON_LITERAL_NULL_CONVERSION = YES;
				CLANG_WARN_OBJC_IMPLICIT_RETAIN_SELF = YES;
				CLANG_WARN_OBJC_LITERAL_CONVERSION = YES;
				CLANG_WARN_OBJC_ROOT_CLASS = YES_ERROR;
				CLANG_WARN_QUOTED_INCLUDE_IN_FRAMEWORK_HEADER = YES;
				CLANG_WARN_RANGE_LOOP_ANALYSIS = YES;
				CLANG_WARN_STRICT_PROTOTYPES = YES;
				CLANG_WARN_SUSPICIOUS_MOVE = YES;
				CLANG_WARN_UNGUARDED_AVAILABILITY = YES_AGGRESSIVE;
				CLANG_WARN_UNREACHABLE_CODE = YES;
				CLANG_WARN__DUPLICATE_METHOD_MATCH = YES;
				COPY_PHASE_STRIP = NO;
				DEBUG_INFORMATION_FORMAT = "dwarf-with-dsym";
				ENABLE_NS_ASSERTIONS = NO;
				ENABLE_STRICT_OBJC_MSGSEND = YES;
				GCC_C_LANGUAGE_STANDARD = gnu17;
				GCC_NO_COMMON_BLOCKS = YES;
				GCC_WARN_64_TO_32_BIT_CONVERSION = YES;
				GCC_WARN_ABOUT_RETURN_TYPE = YES_ERROR;
				GCC_WARN_UNDECLARED_SELECTOR = YES;
				GCC_WARN_UNINITIALIZED_AUTOS = YES_AGGRESSIVE;
				GCC_WARN_UNUSED_FUNCTION = YES;
				GCC_WARN_UNUSED_VARIABLE = YES;
				IPHONEOS_DEPLOYMENT_TARGET = 17.0;
				MTL_ENABLE_DEBUG_INFO = NO;
				MTL_FAST_MATH = YES;
				SDKROOT = iphoneos;
				SWIFT_COMPILATION_MODE = wholemodule;
				VALIDATE_PRODUCT = YES;
			};
			name = Release;
		};
		8C0800032C00000000000001 /* Debug */ = {
			isa = XCBuildConfiguration;
			buildSettings = {
				CODE_SIGN_STYLE = Automatic;
				CURRENT_PROJECT_VERSION = 1;
				DEVELOPMENT_TEAM = "";
				GENERATE_INFOPLIST_FILE = NO;
				INFOPLIST_FILE = LiloNative/Info.plist;
				IPHONEOS_DEPLOYMENT_TARGET = 17.0;
				MARKETING_VERSION = 0.1.0;
				PRODUCT_BUNDLE_IDENTIFIER = chat.os.lilo.native;
				PRODUCT_NAME = "$(TARGET_NAME)";
				SWIFT_EMIT_LOC_STRINGS = YES;
				SWIFT_VERSION = 6.0;
				TARGETED_DEVICE_FAMILY = "1,2";
			};
			name = Debug;
		};
		8C0800042C00000000000001 /* Release */ = {
			isa = XCBuildConfiguration;
			buildSettings = {
				CODE_SIGN_STYLE = Automatic;
				CURRENT_PROJECT_VERSION = 1;
				DEVELOPMENT_TEAM = "";
				GENERATE_INFOPLIST_FILE = NO;
				INFOPLIST_FILE = LiloNative/Info.plist;
				IPHONEOS_DEPLOYMENT_TARGET = 17.0;
				MARKETING_VERSION = 0.1.0;
				PRODUCT_BUNDLE_IDENTIFIER = chat.os.lilo.native;
				PRODUCT_NAME = "$(TARGET_NAME)";
				SWIFT_EMIT_LOC_STRINGS = YES;
				SWIFT_VERSION = 6.0;
				TARGETED_DEVICE_FAMILY = "1,2";
			};
			name = Release;
		};
/* End XCBuildConfiguration section */

/* Begin XCConfigurationList section */
		8C0900012C00000000000001 /* Build configuration list for PBXProject "LiloNative" */ = {
			isa = XCConfigurationList;
			buildConfigurations = (
				8C0800012C00000000000001 /* Debug */,
				8C0800022C00000000000001 /* Release */,
			);
			defaultConfigurationIsVisible = 0;
			defaultConfigurationName = Release;
		};
		8C0900022C00000000000001 /* Build configuration list for PBXNativeTarget "LiloNative" */ = {
			isa = XCConfigurationList;
			buildConfigurations = (
				8C0800032C00000000000001 /* Debug */,
				8C0800042C00000000000001 /* Release */,
			);
			defaultConfigurationIsVisible = 0;
			defaultConfigurationName = Release;
		};
/* End XCConfigurationList section */
	};
	rootObject = 8C0700012C00000000000001 /* Project object */;
}
